
Microsoft Visual Studio Solution File, Format Version 12.00
# Visual Studio Version 17
VisualStudioVersion = 17.9.34607.119
MinimumVisualStudioVersion = 10.0.40219.1
Project("{9A19103F-16F7-4668-BE54-9A1E7A4F7556}") = "EventConsumer", "EventConsumer.csproj", "{B390E9AF-D378-441D-8227-E87AF8C0D0AD}"
EndProject
Global
	GlobalSection(SolutionConfigurationPlatforms) = preSolution
		Debug|Any CPU = Debug|Any CPU
		Release|Any CPU = Release|Any CPU
	EndGlobalSection
	GlobalSection(ProjectConfigurationPlatforms) = postSolution
		{B390E9AF-D378-441D-8227-E87AF8C0D0AD}.Debug|Any CPU.ActiveCfg = Debug|Any CPU
		{B390E9AF-D378-441D-8227-E87AF8C0D0AD}.Debug|Any CPU.Build.0 = Debug|Any CPU
		{B390E9AF-D378-441D-8227-E87AF8C0D0AD}.Release|Any CPU.ActiveCfg = Release|Any CPU
		{B390E9AF-D378-441D-8227-E87AF8C0D0AD}.Release|Any CPU.Build.0 = Release|Any CPU
	EndGlobalSection
	GlobalSection(SolutionProperties) = preSolution
		HideSolutionNode = FALSE
	EndGlobalSection
	GlobalSection(ExtensibilityGlobals) = postSolution
		SolutionGuid = {8DD3DF10-FD65-4392-8D93-5742F3B5D26D}
	EndGlobalSection
EndGlobal
